# Generated by scripts/generate_locks.sh — run from the repo root to regenerate.
# guardrails-ai-african-pii has no additional runtime dependencies beyond
# guardrails-ai itself; the lock is therefore intentionally minimal and CI will
# resolve from pyproject.toml on first run.
guardrails-ai>=0.4.0
